{
  "version": 4,
  "terraform_version": "1.12.2",
  "serial": 9,
  "lineage": "9242912f-f9ef-6043-2b87-6fa746fc92b2",
  "outputs": {},
  "resources": [
    {
      "mode": "managed",
      "type": "yandex_compute_instance",
      "name": "nat",
      "provider": "provider[\"registry.terraform.io/yandex-cloud/yandex\"]",
      "instances": [
        {
          "schema_version": 1,
          "attributes": {
            "allow_recreate": null,
            "allow_stopping_for_update": null,
            "boot_disk": [
              {
                "auto_delete": true,
                "device_name": "fhmg2il9v4f79uhdu7ig",
                "disk_id": "fhmg2il9v4f79uhdu7ig",
                "initialize_params": [
                  {
                    "block_size": 4096,
                    "description": "",
                    "image_id": "fd80mrhj8fl2oe87o4e1",
                    "kms_key_id": "",
                    "name": "",
                    "size": 10,
                    "snapshot_id": "",
                    "type": "network-hdd"
                  }
                ],
                "mode": "READ_WRITE"
              }
            ],
            "created_at": "2025-12-09T10:11:18Z",
            "description": "",
            "filesystem": [],
            "folder_id": "b1gh2n9lu2pm397sqa8m",
            "fqdn": "nat.ru-central1.internal",
            "gpu_cluster_id": "",
            "hardware_generation": [
              {
                "generation2_features": [],
                "legacy_features": [
                  {
                    "pci_topology": "PCI_TOPOLOGY_V1"
                  }
                ]
              }
            ],
            "hostname": "nat",
            "id": "fhmqt3gcfonl2cqb7mj3",
            "labels": null,
            "local_disk": [],
            "maintenance_grace_period": "",
            "maintenance_policy": null,
            "metadata": {
              "serial-port-enable": "1",
              "ssh-keys": "user:ssh-rsa AAAAB3NzaC1yc2EAAAADAQABAAABgQDabBw13F9Yw9nDp+tjSS42URIu9cbp4L5KxkwV161ybJtwlQcCz97zHlC5Nh2T9jVJONOktr1hyOViVqOCkveKyiCxP6pzqxjG0V8r1AsGYR9Tsh7aQt3gxo4mpdM9cosfRw1odiqYtFrJ9RTudSzH4JVz2kK3o0al4EgzeAZ1nOAk9Y0eL1p1bGIlqv3FYFPn56MF6GEWTQbyq4B9EOBecAr7hJJoveqReN3G3tJ6jFfyN7eK9zl+3F9n+Z35WnlLnkLsBsCPbba++bzPLoE5MwRDOz4DomNE9dUlD6fRftADBrlnEFAbT6AakNF9EPknDf2pgMGWKU/801ER6QNKeYoCImf2JswvvlBkNgSgL/ja3fVmNWB3b27n27csfTImtUmPkkHfl9IflCbd6kigj3z5HNAAt/q8bm7prTK00+wQck/fWjThEmFAzFLwMGmWrrdO2AWDYWLIZ8l2vAhjF0Q5Wcv6xsSFKOMJJhQ52jnRkYfN1bBtt2D/VKsfFx0= mgraf@MIMAX\n"
            },
            "metadata_options": [
              {
                "aws_v1_http_endpoint": 1,
                "aws_v1_http_token": 2,
                "gce_http_endpoint": 1,
                "gce_http_token": 1
              }
            ],
            "name": "nat",
            "network_acceleration_type": "standard",
            "network_interface": [
              {
                "dns_record": [],
                "index": 0,
                "ip_address": "192.168.10.254",
                "ipv4": true,
                "ipv6": false,
                "ipv6_address": "",
                "ipv6_dns_record": [],
                "mac_address": "d0:0d:1a:e8:e0:c7",
                "nat": true,
                "nat_dns_record": [],
                "nat_ip_address": "158.160.118.103",
                "nat_ip_version": "IPV4",
                "security_group_ids": null,
                "subnet_id": "e9beuk8vq9lgrojtt4p6"
              }
            ],
            "placement_policy": [
              {
                "host_affinity_rules": [],
                "placement_group_id": "",
                "placement_group_partition": 0
              }
            ],
            "platform_id": "standard-v1",
            "resources": [
              {
                "core_fraction": 5,
                "cores": 2,
                "gpus": 0,
                "memory": 2
              }
            ],
            "scheduling_policy": [
              {
                "preemptible": true
              }
            ],
            "secondary_disk": [],
            "service_account_id": "",
            "status": "running",
            "timeouts": null,
            "zone": "ru-central1-a"
          },
          "sensitive_attributes": [],
          "identity_schema_version": 0,
          "private": "eyJlMmJmYjczMC1lY2FhLTExZTYtOGY4OC0zNDM2M2JjN2M0YzAiOnsiY3JlYXRlIjozMDAwMDAwMDAwMDAsImRlbGV0ZSI6MzAwMDAwMDAwMDAwLCJ1cGRhdGUiOjMwMDAwMDAwMDAwMH0sInNjaGVtYV92ZXJzaW9uIjoiMSJ9",
          "dependencies": [
            "yandex_vpc_network.network",
            "yandex_vpc_subnet.public"
          ]
        }
      ]
    },
    {
      "mode": "managed",
      "type": "yandex_compute_instance",
      "name": "private",
      "provider": "provider[\"registry.terraform.io/yandex-cloud/yandex\"]",
      "instances": [
        {
          "schema_version": 1,
          "attributes": {
            "allow_recreate": null,
            "allow_stopping_for_update": null,
            "boot_disk": [
              {
                "auto_delete": true,
                "device_name": "fhmrj1jiog3friljeqom",
                "disk_id": "fhmrj1jiog3friljeqom",
                "initialize_params": [
                  {
                    "block_size": 4096,
                    "description": "",
                    "image_id": "fd8pbf0hl06ks8s3scqk",
                    "kms_key_id": "",
                    "name": "",
                    "size": 10,
                    "snapshot_id": "",
                    "type": "network-hdd"
                  }
                ],
                "mode": "READ_WRITE"
              }
            ],
            "created_at": "2025-12-09T10:11:19Z",
            "description": "",
            "filesystem": [],
            "folder_id": "b1gh2n9lu2pm397sqa8m",
            "fqdn": "private.ru-central1.internal",
            "gpu_cluster_id": "",
            "hardware_generation": [
              {
                "generation2_features": [],
                "legacy_features": [
                  {
                    "pci_topology": "PCI_TOPOLOGY_V1"
                  }
                ]
              }
            ],
            "hostname": "private",
            "id": "fhmicb639jaedivb1o96",
            "labels": null,
            "local_disk": [],
            "maintenance_grace_period": "",
            "maintenance_policy": null,
            "metadata": {
              "serial-port-enable": "1",
              "ssh-keys": "user:ssh-rsa AAAAB3NzaC1yc2EAAAADAQABAAABgQDabBw13F9Yw9nDp+tjSS42URIu9cbp4L5KxkwV161ybJtwlQcCz97zHlC5Nh2T9jVJONOktr1hyOViVqOCkveKyiCxP6pzqxjG0V8r1AsGYR9Tsh7aQt3gxo4mpdM9cosfRw1odiqYtFrJ9RTudSzH4JVz2kK3o0al4EgzeAZ1nOAk9Y0eL1p1bGIlqv3FYFPn56MF6GEWTQbyq4B9EOBecAr7hJJoveqReN3G3tJ6jFfyN7eK9zl+3F9n+Z35WnlLnkLsBsCPbba++bzPLoE5MwRDOz4DomNE9dUlD6fRftADBrlnEFAbT6AakNF9EPknDf2pgMGWKU/801ER6QNKeYoCImf2JswvvlBkNgSgL/ja3fVmNWB3b27n27csfTImtUmPkkHfl9IflCbd6kigj3z5HNAAt/q8bm7prTK00+wQck/fWjThEmFAzFLwMGmWrrdO2AWDYWLIZ8l2vAhjF0Q5Wcv6xsSFKOMJJhQ52jnRkYfN1bBtt2D/VKsfFx0= mgraf@MIMAX\n"
            },
            "metadata_options": [
              {
                "aws_v1_http_endpoint": 1,
                "aws_v1_http_token": 2,
                "gce_http_endpoint": 1,
                "gce_http_token": 1
              }
            ],
            "name": "private",
            "network_acceleration_type": "standard",
            "network_interface": [
              {
                "dns_record": [],
                "index": 0,
                "ip_address": "192.168.20.16",
                "ipv4": true,
                "ipv6": false,
                "ipv6_address": "",
                "ipv6_dns_record": [],
                "mac_address": "d0:0d:12:62:cc:34",
                "nat": false,
                "nat_dns_record": [],
                "nat_ip_address": "",
                "nat_ip_version": "",
                "security_group_ids": null,
                "subnet_id": "e9bpr4iar16dsi4l7qtr"
              }
            ],
            "placement_policy": [
              {
                "host_affinity_rules": [],
                "placement_group_id": "",
                "placement_group_partition": 0
              }
            ],
            "platform_id": "standard-v1",
            "resources": [
              {
                "core_fraction": 5,
                "cores": 2,
                "gpus": 0,
                "memory": 2
              }
            ],
            "scheduling_policy": [
              {
                "preemptible": true
              }
            ],
            "secondary_disk": [],
            "service_account_id": "",
            "status": "running",
            "timeouts": null,
            "zone": "ru-central1-a"
          },
          "sensitive_attributes": [],
          "identity_schema_version": 0,
          "private": "eyJlMmJmYjczMC1lY2FhLTExZTYtOGY4OC0zNDM2M2JjN2M0YzAiOnsiY3JlYXRlIjozMDAwMDAwMDAwMDAsImRlbGV0ZSI6MzAwMDAwMDAwMDAwLCJ1cGRhdGUiOjMwMDAwMDAwMDAwMH0sInNjaGVtYV92ZXJzaW9uIjoiMSJ9",
          "dependencies": [
            "yandex_vpc_network.network",
            "yandex_vpc_route_table.private-route",
            "yandex_vpc_subnet.private"
          ]
        }
      ]
    },
    {
      "mode": "managed",
      "type": "yandex_compute_instance",
      "name": "public",
      "provider": "provider[\"registry.terraform.io/yandex-cloud/yandex\"]",
      "instances": [
        {
          "schema_version": 1,
          "attributes": {
            "allow_recreate": null,
            "allow_stopping_for_update": null,
            "boot_disk": [
              {
                "auto_delete": true,
                "device_name": "fhmhihcbg8t7u9f92s7g",
                "disk_id": "fhmhihcbg8t7u9f92s7g",
                "initialize_params": [
                  {
                    "block_size": 4096,
                    "description": "",
                    "image_id": "fd8pbf0hl06ks8s3scqk",
                    "kms_key_id": "",
                    "name": "",
                    "size": 10,
                    "snapshot_id": "",
                    "type": "network-hdd"
                  }
                ],
                "mode": "READ_WRITE"
              }
            ],
            "created_at": "2025-12-09T10:11:18Z",
            "description": "",
            "filesystem": [],
            "folder_id": "b1gh2n9lu2pm397sqa8m",
            "fqdn": "public.ru-central1.internal",
            "gpu_cluster_id": "",
            "hardware_generation": [
              {
                "generation2_features": [],
                "legacy_features": [
                  {
                    "pci_topology": "PCI_TOPOLOGY_V1"
                  }
                ]
              }
            ],
            "hostname": "public",
            "id": "fhm3d80fim0srragg0pm",
            "labels": null,
            "local_disk": [],
            "maintenance_grace_period": "",
            "maintenance_policy": null,
            "metadata": {
              "serial-port-enable": "1",
              "ssh-keys": "user:ssh-rsa AAAAB3NzaC1yc2EAAAADAQABAAABgQDabBw13F9Yw9nDp+tjSS42URIu9cbp4L5KxkwV161ybJtwlQcCz97zHlC5Nh2T9jVJONOktr1hyOViVqOCkveKyiCxP6pzqxjG0V8r1AsGYR9Tsh7aQt3gxo4mpdM9cosfRw1odiqYtFrJ9RTudSzH4JVz2kK3o0al4EgzeAZ1nOAk9Y0eL1p1bGIlqv3FYFPn56MF6GEWTQbyq4B9EOBecAr7hJJoveqReN3G3tJ6jFfyN7eK9zl+3F9n+Z35WnlLnkLsBsCPbba++bzPLoE5MwRDOz4DomNE9dUlD6fRftADBrlnEFAbT6AakNF9EPknDf2pgMGWKU/801ER6QNKeYoCImf2JswvvlBkNgSgL/ja3fVmNWB3b27n27csfTImtUmPkkHfl9IflCbd6kigj3z5HNAAt/q8bm7prTK00+wQck/fWjThEmFAzFLwMGmWrrdO2AWDYWLIZ8l2vAhjF0Q5Wcv6xsSFKOMJJhQ52jnRkYfN1bBtt2D/VKsfFx0= mgraf@MIMAX\n"
            },
            "metadata_options": [
              {
                "aws_v1_http_endpoint": 1,
                "aws_v1_http_token": 2,
                "gce_http_endpoint": 1,
                "gce_http_token": 1
              }
            ],
            "name": "public",
            "network_acceleration_type": "standard",
            "network_interface": [
              {
                "dns_record": [],
                "index": 0,
                "ip_address": "192.168.10.4",
                "ipv4": true,
                "ipv6": false,
                "ipv6_address": "",
                "ipv6_dns_record": [],
                "mac_address": "d0:0d:36:a0:0f:95",
                "nat": true,
                "nat_dns_record": [],
                "nat_ip_address": "51.250.12.127",
                "nat_ip_version": "IPV4",
                "security_group_ids": null,
                "subnet_id": "e9beuk8vq9lgrojtt4p6"
              }
            ],
            "placement_policy": [
              {
                "host_affinity_rules": [],
                "placement_group_id": "",
                "placement_group_partition": 0
              }
            ],
            "platform_id": "standard-v1",
            "resources": [
              {
                "core_fraction": 5,
                "cores": 2,
                "gpus": 0,
                "memory": 2
              }
            ],
            "scheduling_policy": [
              {
                "preemptible": true
              }
            ],
            "secondary_disk": [],
            "service_account_id": "",
            "status": "running",
            "timeouts": null,
            "zone": "ru-central1-a"
          },
          "sensitive_attributes": [],
          "identity_schema_version": 0,
          "private": "eyJlMmJmYjczMC1lY2FhLTExZTYtOGY4OC0zNDM2M2JjN2M0YzAiOnsiY3JlYXRlIjozMDAwMDAwMDAwMDAsImRlbGV0ZSI6MzAwMDAwMDAwMDAwLCJ1cGRhdGUiOjMwMDAwMDAwMDAwMH0sInNjaGVtYV92ZXJzaW9uIjoiMSJ9",
          "dependencies": [
            "yandex_vpc_network.network",
            "yandex_vpc_subnet.public"
          ]
        }
      ]
    },
    {
      "mode": "managed",
      "type": "yandex_vpc_network",
      "name": "network",
      "provider": "provider[\"registry.terraform.io/yandex-cloud/yandex\"]",
      "instances": [
        {
          "schema_version": 0,
          "attributes": {
            "created_at": "2025-12-09T10:11:14Z",
            "default_security_group_id": "enpkgo2hp7gem1ebp93j",
            "description": "",
            "folder_id": "b1gh2n9lu2pm397sqa8m",
            "id": "enpj3kg689r8cnm54nnq",
            "labels": {},
            "name": "network",
            "subnet_ids": [],
            "timeouts": null
          },
          "sensitive_attributes": [],
          "identity_schema_version": 0,
          "private": "eyJlMmJmYjczMC1lY2FhLTExZTYtOGY4OC0zNDM2M2JjN2M0YzAiOnsiY3JlYXRlIjo2MDAwMDAwMDAwMCwiZGVsZXRlIjo2MDAwMDAwMDAwMCwidXBkYXRlIjo2MDAwMDAwMDAwMH19"
        }
      ]
    },
    {
      "mode": "managed",
      "type": "yandex_vpc_route_table",
      "name": "private-route",
      "provider": "provider[\"registry.terraform.io/yandex-cloud/yandex\"]",
      "instances": [
        {
          "schema_version": 0,
          "attributes": {
            "created_at": "2025-12-09T10:11:17Z",
            "description": "",
            "folder_id": "b1gh2n9lu2pm397sqa8m",
            "id": "enpmhb2qjc42lcapv1a1",
            "labels": {},
            "name": "",
            "network_id": "enpj3kg689r8cnm54nnq",
            "static_route": [
              {
                "destination_prefix": "0.0.0.0/0",
                "gateway_id": "",
                "next_hop_address": "192.168.10.254"
              }
            ],
            "timeouts": null
          },
          "sensitive_attributes": [],
          "identity_schema_version": 0,
          "private": "eyJlMmJmYjczMC1lY2FhLTExZTYtOGY4OC0zNDM2M2JjN2M0YzAiOnsiY3JlYXRlIjoxODAwMDAwMDAwMDAsImRlbGV0ZSI6MTgwMDAwMDAwMDAwLCJ1cGRhdGUiOjE4MDAwMDAwMDAwMH19",
          "dependencies": [
            "yandex_vpc_network.network"
          ]
        }
      ]
    },
    {
      "mode": "managed",
      "type": "yandex_vpc_subnet",
      "name": "private",
      "provider": "provider[\"registry.terraform.io/yandex-cloud/yandex\"]",
      "instances": [
        {
          "schema_version": 0,
          "attributes": {
            "created_at": "2025-12-09T10:11:18Z",
            "description": "",
            "dhcp_options": [],
            "folder_id": "b1gh2n9lu2pm397sqa8m",
            "id": "e9bpr4iar16dsi4l7qtr",
            "labels": {},
            "name": "",
            "network_id": "enpj3kg689r8cnm54nnq",
            "route_table_id": "enpmhb2qjc42lcapv1a1",
            "timeouts": null,
            "v4_cidr_blocks": [
              "192.168.20.0/24"
            ],
            "v6_cidr_blocks": [],
            "zone": "ru-central1-a"
          },
          "sensitive_attributes": [],
          "identity_schema_version": 0,
          "private": "eyJlMmJmYjczMC1lY2FhLTExZTYtOGY4OC0zNDM2M2JjN2M0YzAiOnsiY3JlYXRlIjoxODAwMDAwMDAwMDAsImRlbGV0ZSI6MTgwMDAwMDAwMDAwLCJ1cGRhdGUiOjE4MDAwMDAwMDAwMH19",
          "dependencies": [
            "yandex_vpc_network.network",
            "yandex_vpc_route_table.private-route"
          ]
        }
      ]
    },
    {
      "mode": "managed",
      "type": "yandex_vpc_subnet",
      "name": "public",
      "provider": "provider[\"registry.terraform.io/yandex-cloud/yandex\"]",
      "instances": [
        {
          "schema_version": 0,
          "attributes": {
            "created_at": "2025-12-09T10:11:17Z",
            "description": "",
            "dhcp_options": [],
            "folder_id": "b1gh2n9lu2pm397sqa8m",
            "id": "e9beuk8vq9lgrojtt4p6",
            "labels": {},
            "name": "public",
            "network_id": "enpj3kg689r8cnm54nnq",
            "route_table_id": "",
            "timeouts": null,
            "v4_cidr_blocks": [
              "192.168.10.0/24"
            ],
            "v6_cidr_blocks": [],
            "zone": "ru-central1-a"
          },
          "sensitive_attributes": [],
          "identity_schema_version": 0,
          "private": "eyJlMmJmYjczMC1lY2FhLTExZTYtOGY4OC0zNDM2M2JjN2M0YzAiOnsiY3JlYXRlIjoxODAwMDAwMDAwMDAsImRlbGV0ZSI6MTgwMDAwMDAwMDAwLCJ1cGRhdGUiOjE4MDAwMDAwMDAwMH19",
          "dependencies": [
            "yandex_vpc_network.network"
          ]
        }
      ]
    }
  ],
  "check_results": null
}
